
Microsoft Visual Studio Solution File, Format Version 12.00
# Visual Studio Version 16
VisualStudioVersion = 16.0.30204.135
MinimumVisualStudioVersion = 10.0.40219.1
Project("{FAE04EC0-301F-11D3-BF4B-00C04F79EFBC}") = "CosmicSpell", "CosmicSpell.csproj", "{F3F580C0-D1D0-49DA-9E4D-8EBACD26A3A6}"
EndProject
Global
	GlobalSection(SolutionConfigurationPlatforms) = preSolution
		Debug|Any CPU = Debug|Any CPU
		Release|Any CPU = Release|Any CPU
	EndGlobalSection
	GlobalSection(ProjectConfigurationPlatforms) = postSolution
		{F3F580C0-D1D0-49DA-9E4D-8EBACD26A3A6}.Debug|Any CPU.ActiveCfg = Debug|Any CPU
		{F3F580C0-D1D0-49DA-9E4D-8EBACD26A3A6}.Debug|Any CPU.Build.0 = Debug|Any CPU
		{F3F580C0-D1D0-49DA-9E4D-8EBACD26A3A6}.Release|Any CPU.ActiveCfg = Release|Any CPU
		{F3F580C0-D1D0-49DA-9E4D-8EBACD26A3A6}.Release|Any CPU.Build.0 = Release|Any CPU
	EndGlobalSection
	GlobalSection(SolutionProperties) = preSolution
		HideSolutionNode = FALSE
	EndGlobalSection
	GlobalSection(ExtensibilityGlobals) = postSolution
		SolutionGuid = {4D471B2B-DFAB-4BDF-BCDF-5FE1B79D7A36}
	EndGlobalSection
EndGlobal
